
Microsoft Visual Studio Solution File, Format Version 12.00
# Visual Studio 15
VisualStudioVersion = 15.0.28307.645
MinimumVisualStudioVersion = 10.0.40219.1
Project("{FAE04EC0-301F-11D3-BF4B-00C04F79EFBC}") = "NUnitTestProject1", "NUnitTestProject1\NUnitTestProject1.csproj", "{5450E3D0-D762-44E5-980D-68BB96D4858E}"
EndProject
Global
	GlobalSection(SolutionConfigurationPlatforms) = preSolution
		Debug|Any CPU = Debug|Any CPU
		Release|Any CPU = Release|Any CPU
	EndGlobalSection
	GlobalSection(ProjectConfigurationPlatforms) = postSolution
		{5450E3D0-D762-44E5-980D-68BB96D4858E}.Debug|Any CPU.ActiveCfg = Debug|Any CPU
		{5450E3D0-D762-44E5-980D-68BB96D4858E}.Debug|Any CPU.Build.0 = Debug|Any CPU
		{5450E3D0-D762-44E5-980D-68BB96D4858E}.Release|Any CPU.ActiveCfg = Release|Any CPU
		{5450E3D0-D762-44E5-980D-68BB96D4858E}.Release|Any CPU.Build.0 = Release|Any CPU
	EndGlobalSection
	GlobalSection(SolutionProperties) = preSolution
		HideSolutionNode = FALSE
	EndGlobalSection
	GlobalSection(ExtensibilityGlobals) = postSolution
		SolutionGuid = {090BCBCA-C733-4372-BCDD-C963E8C19E7C}
	EndGlobalSection
EndGlobal
